// !$*UTF8*$!
{
	archiveVersion = 1;
	classes = {
	};
	objectVersion = 50;
	objects = {

/* Begin PBXBuildFile section */
		D036A35D21532A71003D23AE /* MainTableViewController.swift in Sources */ = {isa = PBXBuildFile; fileRef = D036A35C21532A71003D23AE /* MainTableViewController.swift */; };
		D0C648802152DD5E00079DCC /* AppDelegate.swift in Sources */ = {isa = PBXBuildFile; fileRef = D0C6487F2152DD5E00079DCC /* AppDelegate.swift */; };
		D0C648822152DD5E00079DCC /* MainViewController.swift in Sources */ = {isa = PBXBuildFile; fileRef = D0C648812152DD5E00079DCC /* MainViewController.swift */; };
		D0C648852152DD5E00079DCC /* Main.storyboard in Resources */ = {isa = PBXBuildFile; fileRef = D0C648832152DD5E00079DCC /* Main.storyboard */; };
		D0C648882152DD5E00079DCC /* ToDoList_NewFeatures.xcdatamodeld in Sources */ = {isa = PBXBuildFile; fileRef = D0C648862152DD5E00079DCC /* ToDoList_NewFeatures.xcdatamodeld */; };
		D0C6488A2152DD5F00079DCC /* Assets.xcassets in Resources */ = {isa = PBXBuildFile; fileRef = D0C648892152DD5F00079DCC /* Assets.xcassets */; };
		D0C6488D2152DD5F00079DCC /* LaunchScreen.storyboard in Resources */ = {isa = PBXBuildFile; fileRef = D0C6488B2152DD5F00079DCC /* LaunchScreen.storyboard */; };
		D0C648952152E2F100079DCC /* AddTaskViewController.swift in Sources */ = {isa = PBXBuildFile; fileRef = D0C648942152E2F100079DCC /* AddTaskViewController.swift */; };
		D0C648972152EF8200079DCC /* CustomTaskCell.swift in Sources */ = {isa = PBXBuildFile; fileRef = D0C648962152EF8200079DCC /* CustomTaskCell.swift */; };
		D0C648992152EFA100079DCC /* AddTaskViewDelegate.swift in Sources */ = {isa = PBXBuildFile; fileRef = D0C648982152EFA100079DCC /* AddTaskViewDelegate.swift */; };
/* End PBXBuildFile section */

/* Begin PBXFileReference section */
		D036A35C21532A71003D23AE /* MainTableViewController.swift */ = {isa = PBXFileReference; lastKnownFileType = sourcecode.swift; path = MainTableViewController.swift; sourceTree = "<group>"; };
		D0C6487C2152DD5E00079DCC /* ToDoList_NewFeatures.app */ = {isa = PBXFileReference; explicitFileType = wrapper.application; includeInIndex = 0; path = ToDoList_NewFeatures.app; sourceTree = BUILT_PRODUCTS_DIR; };
		D0C6487F2152DD5E00079DCC /* AppDelegate.swift */ = {isa = PBXFileReference; lastKnownFileType = sourcecode.swift; path = AppDelegate.swift; sourceTree = "<group>"; };
		D0C648812152DD5E00079DCC /* MainViewController.swift */ = {isa = PBXFileReference; lastKnownFileType = sourcecode.swift; path = MainViewController.swift; sourceTree = "<group>"; };
		D0C648842152DD5E00079DCC /* Base */ = {isa = PBXFileReference; lastKnownFileType = file.storyboard; name = Base; path = Base.lproj/Main.storyboard; sourceTree = "<group>"; };
		D0C648872152DD5E00079DCC /* ToDoList_NewFeatures.xcdatamodel */ = {isa = PBXFileReference; lastKnownFileType = wrapper.xcdatamodel; path = ToDoList_NewFeatures.xcdatamodel; sourceTree = "<group>"; };
		D0C648892152DD5F00079DCC /* Assets.xcassets */ = {isa = PBXFileReference; lastKnownFileType = folder.assetcatalog; path = Assets.xcassets; sourceTree = "<group>"; };
		D0C6488C2152DD5F00079DCC /* Base */ = {isa = PBXFileReference; lastKnownFileType = file.storyboard; name = Base; path = Base.lproj/LaunchScreen.storyboard; sourceTree = "<group>"; };
		D0C6488E2152DD5F00079DCC /* Info.plist */ = {isa = PBXFileReference; lastKnownFileType = text.plist.xml; path = Info.plist; sourceTree = "<group>"; };
		D0C648942152E2F100079DCC /* AddTaskViewController.swift */ = {isa = PBXFileReference; lastKnownFileType = sourcecode.swift; path = AddTaskViewController.swift; sourceTree = "<group>"; };
		D0C648962152EF8200079DCC /* CustomTaskCell.swift */ = {isa = PBXFileReference; lastKnownFileType = sourcecode.swift; path = CustomTaskCell.swift; sourceTree = "<group>"; };
		D0C648982152EFA100079DCC /* AddTaskViewDelegate.swift */ = {isa = PBXFileReference; lastKnownFileType = sourcecode.swift; path = AddTaskViewDelegate.swift; sourceTree = "<group>"; };
/* End PBXFileReference section */

/* Begin PBXFrameworksBuildPhase section */
		D0C648792152DD5E00079DCC /* Frameworks */ = {
			isa = PBXFrameworksBuildPhase;
			buildActionMask = 2147483647;
			files = (
			);
			runOnlyForDeploymentPostprocessing = 0;
		};
/* End PBXFrameworksBuildPhase section */

/* Begin PBXGroup section */
		D0C648732152DD5E00079DCC = {
			isa = PBXGroup;
			children = (
				D0C6487E2152DD5E00079DCC /* ToDoList_NewFeatures */,
				D0C6487D2152DD5E00079DCC /* Products */,
			);
			sourceTree = "<group>";
		};
		D0C6487D2152DD5E00079DCC /* Products */ = {
			isa = PBXGroup;
			children = (
				D0C6487C2152DD5E00079DCC /* ToDoList_NewFeatures.app */,
			);
			name = Products;
			sourceTree = "<group>";
		};
		D0C6487E2152DD5E00079DCC /* ToDoList_NewFeatures */ = {
			isa = PBXGroup;
			children = (
				D0C6487F2152DD5E00079DCC /* AppDelegate.swift */,
				D0C648832152DD5E00079DCC /* Main.storyboard */,
				D036A35C21532A71003D23AE /* MainTableViewController.swift */,
				D0C648812152DD5E00079DCC /* MainViewController.swift */,
				D0C648942152E2F100079DCC /* AddTaskViewController.swift */,
				D0C648982152EFA100079DCC /* AddTaskViewDelegate.swift */,
				D0C648962152EF8200079DCC /* CustomTaskCell.swift */,
				D0C648892152DD5F00079DCC /* Assets.xcassets */,
				D0C6488B2152DD5F00079DCC /* LaunchScreen.storyboard */,
				D0C6488E2152DD5F00079DCC /* Info.plist */,
				D0C648862152DD5E00079DCC /* ToDoList_NewFeatures.xcdatamodeld */,
			);
			path = ToDoList_NewFeatures;
			sourceTree = "<group>";
		};
/* End PBXGroup section */

/* Begin PBXNativeTarget section */
		D0C6487B2152DD5E00079DCC /* ToDoList_NewFeatures */ = {
			isa = PBXNativeTarget;
			buildConfigurationList = D0C648912152DD5F00079DCC /* Build configuration list for PBXNativeTarget "ToDoList_NewFeatures" */;
			buildPhases = (
				D0C648782152DD5E00079DCC /* Sources */,
				D0C648792152DD5E00079DCC /* Frameworks */,
				D0C6487A2152DD5E00079DCC /* Resources */,
			);
			buildRules = (
			);
			dependencies = (
			);
			name = ToDoList_NewFeatures;
			productName = ToDoList_NewFeatures;
			productReference = D0C6487C2152DD5E00079DCC /* ToDoList_NewFeatures.app */;
			productType = "com.apple.product-type.application";
		};
/* End PBXNativeTarget section */

/* Begin PBXProject section */
		D0C648742152DD5E00079DCC /* Project object */ = {
			isa = PBXProject;
			attributes = {
				LastSwiftUpdateCheck = 0940;
				LastUpgradeCheck = 0940;
				ORGANIZATIONNAME = "Amanda Demetrio";
				TargetAttributes = {
					D0C6487B2152DD5E00079DCC = {
						CreatedOnToolsVersion = 9.4.1;
					};
				};
			};
			buildConfigurationList = D0C648772152DD5E00079DCC /* Build configuration list for PBXProject "ToDoList_NewFeatures" */;
			compatibilityVersion = "Xcode 9.3";
			developmentRegion = en;
			hasScannedForEncodings = 0;
			knownRegions = (
				en,
				Base,
			);
			mainGroup = D0C648732152DD5E00079DCC;
			productRefGroup = D0C6487D2152DD5E00079DCC /* Products */;
			projectDirPath = "";
			projectRoot = "";
			targets = (
				D0C6487B2152DD5E00079DCC /* ToDoList_NewFeatures */,
			);
		};
/* End PBXProject section */

/* Begin PBXResourcesBuildPhase section */
		D0C6487A2152DD5E00079DCC /* Resources */ = {
			isa = PBXResourcesBuildPhase;
			buildActionMask = 2147483647;
			files = (
				D0C6488D2152DD5F00079DCC /* LaunchScreen.storyboard in Resources */,
				D0C6488A2152DD5F00079DCC /* Assets.xcassets in Resources */,
				D0C648852152DD5E00079DCC /* Main.storyboard in Resources */,
			);
			runOnlyForDeploymentPostprocessing = 0;
		};
/* End PBXResourcesBuildPhase section */

/* Begin PBXSourcesBuildPhase section */
		D0C648782152DD5E00079DCC /* Sources */ = {
			isa = PBXSourcesBuildPhase;
			buildActionMask = 2147483647;
			files = (
				D0C648992152EFA100079DCC /* AddTaskViewDelegate.swift in Sources */,
				D0C648972152EF8200079DCC /* CustomTaskCell.swift in Sources */,
				D0C648822152DD5E00079DCC /* MainViewController.swift in Sources */,
				D0C648952152E2F100079DCC /* AddTaskViewController.swift in Sources */,
				D0C648882152DD5E00079DCC /* ToDoList_NewFeatures.xcdatamodeld in Sources */,
				D0C648802152DD5E00079DCC /* AppDelegate.swift in Sources */,
				D036A35D21532A71003D23AE /* MainTableViewController.swift in Sources */,
			);
			runOnlyForDeploymentPostprocessing = 0;
		};
/* End PBXSourcesBuildPhase section */

/* Begin PBXVariantGroup section */
		D0C648832152DD5E00079DCC /* Main.storyboard */ = {
			isa = PBXVariantGroup;
			children = (
				D0C648842152DD5E00079DCC /* Base */,
			);
			name = Main.storyboard;
			sourceTree = "<group>";
		};
		D0C6488B2152DD5F00079DCC /* LaunchScreen.storyboard */ = {
			isa = PBXVariantGroup;
			children = (
				D0C6488C2152DD5F00079DCC /* Base */,
			);
			name = LaunchScreen.storyboard;
			sourceTree = "<group>";
		};
/* End PBXVariantGroup section */

/* Begin XCBuildConfiguration section */
		D0C6488F2152DD5F00079DCC /* Debug */ = {
			isa = XCBuildConfiguration;
			buildSettings = {
				ALWAYS_SEARCH_USER_PATHS = NO;
				CLANG_ANALYZER_NONNULL = YES;
				CLANG_ANALYZER_NUMBER_OBJECT_CONVERSION = YES_AGGRESSIVE;
				CLANG_CXX_LANGUAGE_STANDARD = "gnu++14";
				CLANG_CXX_LIBRARY = "libc++";
				CLANG_ENABLE_MODULES = YES;
				CLANG_ENABLE_OBJC_ARC = YES;
				CLANG_ENABLE_OBJC_WEAK = YES;
				CLANG_WARN_BLOCK_CAPTURE_AUTORELEASING = YES;
				CLANG_WARN_BOOL_CONVERSION = YES;
				CLANG_WARN_COMMA = YES;
				CLANG_WARN_CONSTANT_CONVERSION = YES;
				CLANG_WARN_DEPRECATED_OBJC_IMPLEMENTATIONS = YES;
				CLANG_WARN_DIRECT_OBJC_ISA_USAGE = YES_ERROR;
				CLANG_WARN_DOCUMENTATION_COMMENTS = YES;
				CLANG_WARN_EMPTY_BODY = YES;
				CLANG_WARN_ENUM_CONVERSION = YES;
				CLANG_WARN_INFINITE_RECURSION = YES;
				CLANG_WARN_INT_CONVERSION = YES;
				CLANG_WARN_NON_LITERAL_NULL_CONVERSION = YES;
				CLANG_WARN_OBJC_IMPLICIT_RETAIN_SELF = YES;
				CLANG_WARN_OBJC_LITERAL_CONVERSION = YES;
				CLANG_WARN_OBJC_ROOT_CLASS = YES_ERROR;
				CLANG_WARN_RANGE_LOOP_ANALYSIS = YES;
				CLANG_WARN_STRICT_PROTOTYPES = YES;
				CLANG_WARN_SUSPICIOUS_MOVE = YES;
				CLANG_WARN_UNGUARDED_AVAILABILITY = YES_AGGRESSIVE;
				CLANG_WARN_UNREACHABLE_CODE = YES;
				CLANG_WARN__DUPLICATE_METHOD_MATCH = YES;
				CODE_SIGN_IDENTITY = "iPhone Developer";
				COPY_PHASE_STRIP = NO;
				DEBUG_INFORMATION_FORMAT = dwarf;
				ENABLE_STRICT_OBJC_MSGSEND = YES;
				ENABLE_TESTABILITY = YES;
				GCC_C_LANGUAGE_STANDARD = gnu11;
				GCC_DYNAMIC_NO_PIC = NO;
				GCC_NO_COMMON_BLOCKS = YES;
				GCC_OPTIMIZATION_LEVEL = 0;
				GCC_PREPROCESSOR_DEFINITIONS = (
					"DEBUG=1",
					"$(inherited)",
				);
				GCC_WARN_64_TO_32_BIT_CONVERSION = YES;
				GCC_WARN_ABOUT_RETURN_TYPE = YES_ERROR;
				GCC_WARN_UNDECLARED_SELECTOR = YES;
				GCC_WARN_UNINITIALIZED_AUTOS = YES_AGGRESSIVE;
				GCC_WARN_UNUSED_FUNCTION = YES;
				GCC_WARN_UNUSED_VARIABLE = YES;
				IPHONEOS_DEPLOYMENT_TARGET = 11.4;
				MTL_ENABLE_DEBUG_INFO = YES;
				ONLY_ACTIVE_ARCH = YES;
				SDKROOT = iphoneos;
				SWIFT_ACTIVE_COMPILATION_CONDITIONS = DEBUG;
				SWIFT_OPTIMIZATION_LEVEL = "-Onone";
			};
			name = Debug;
		};
		D0C648902152DD5F00079DCC /* Release */ = {
			isa = XCBuildConfiguration;
			buildSettings = {
				ALWAYS_SEARCH_USER_PATHS = NO;
				CLANG_ANALYZER_NONNULL = YES;
				CLANG_ANALYZER_NUMBER_OBJECT_CONVERSION = YES_AGGRESSIVE;
				CLANG_CXX_LANGUAGE_STANDARD = "gnu++14";
				CLANG_CXX_LIBRARY = "libc++";
				CLANG_ENABLE_MODULES = YES;
				CLANG_ENABLE_OBJC_ARC = YES;
				CLANG_ENABLE_OBJC_WEAK = YES;
				CLANG_WARN_BLOCK_CAPTURE_AUTORELEASING = YES;
				CLANG_WARN_BOOL_CONVERSION = YES;
				CLANG_WARN_COMMA = YES;
				CLANG_WARN_CONSTANT_CONVERSION = YES;
				CLANG_WARN_DEPRECATED_OBJC_IMPLEMENTATIONS = YES;
				CLANG_WARN_DIRECT_OBJC_ISA_USAGE = YES_ERROR;
				CLANG_WARN_DOCUMENTATION_COMMENTS = YES;
				CLANG_WARN_EMPTY_BODY = YES;
				CLANG_WARN_ENUM_CONVERSION = YES;
				CLANG_WARN_INFINITE_RECURSION = YES;
				CLANG_WARN_INT_CONVERSION = YES;
				CLANG_WARN_NON_LITERAL_NULL_CONVERSION = YES;
				CLANG_WARN_OBJC_IMPLICIT_RETAIN_SELF = YES;
				CLANG_WARN_OBJC_LITERAL_CONVERSION = YES;
				CLANG_WARN_OBJC_ROOT_CLASS = YES_ERROR;
				CLANG_WARN_RANGE_LOOP_ANALYSIS = YES;
				CLANG_WARN_STRICT_PROTOTYPES = YES;
				CLANG_WARN_SUSPICIOUS_MOVE = YES;
				CLANG_WARN_UNGUARDED_AVAILABILITY = YES_AGGRESSIVE;
				CLANG_WARN_UNREACHABLE_CODE = YES;
				CLANG_WARN__DUPLICATE_METHOD_MATCH = YES;
				CODE_SIGN_IDENTITY = "iPhone Developer";
				COPY_PHASE_STRIP = NO;
				DEBUG_INFORMATION_FORMAT = "dwarf-with-dsym";
				ENABLE_NS_ASSERTIONS = NO;
				ENABLE_STRICT_OBJC_MSGSEND = YES;
				GCC_C_LANGUAGE_STANDARD = gnu11;
				GCC_NO_COMMON_BLOCKS = YES;
				GCC_WARN_64_TO_32_BIT_CONVERSION = YES;
				GCC_WARN_ABOUT_RETURN_TYPE = YES_ERROR;
				GCC_WARN_UNDECLARED_SELECTOR = YES;
				GCC_WARN_UNINITIALIZED_AUTOS = YES_AGGRESSIVE;
				GCC_WARN_UNUSED_FUNCTION = YES;
				GCC_WARN_UNUSED_VARIABLE = YES;
				IPHONEOS_DEPLOYMENT_TARGET = 11.4;
				MTL_ENABLE_DEBUG_INFO = NO;
				SDKROOT = iphoneos;
				SWIFT_COMPILATION_MODE = wholemodule;
				SWIFT_OPTIMIZATION_LEVEL = "-O";
				VALIDATE_PRODUCT = YES;
			};
			name = Release;
		};
		D0C648922152DD5F00079DCC /* Debug */ = {
			isa = XCBuildConfiguration;
			buildSettings = {
				ASSETCATALOG_COMPILER_APPICON_NAME = AppIcon;
				CODE_SIGN_STYLE = Automatic;
				DEVELOPMENT_TEAM = Y3JS8H9524;
				INFOPLIST_FILE = ToDoList_NewFeatures/Info.plist;
				LD_RUNPATH_SEARCH_PATHS = (
					"$(inherited)",
					"@executable_path/Frameworks",
				);
				PRODUCT_BUNDLE_IDENTIFIER = "com.amandademetrio.ToDoList-NewFeatures";
				PRODUCT_NAME = "$(TARGET_NAME)";
				SWIFT_VERSION = 4.0;
				TARGETED_DEVICE_FAMILY = "1,2";
			};
			name = Debug;
		};
		D0C648932152DD5F00079DCC /* Release */ = {
			isa = XCBuildConfiguration;
			buildSettings = {
				ASSETCATALOG_COMPILER_APPICON_NAME = AppIcon;
				CODE_SIGN_STYLE = Automatic;
				DEVELOPMENT_TEAM = Y3JS8H9524;
				INFOPLIST_FILE = ToDoList_NewFeatures/Info.plist;
				LD_RUNPATH_SEARCH_PATHS = (
					"$(inherited)",
					"@executable_path/Frameworks",
				);
				PRODUCT_BUNDLE_IDENTIFIER = "com.amandademetrio.ToDoList-NewFeatures";
				PRODUCT_NAME = "$(TARGET_NAME)";
				SWIFT_VERSION = 4.0;
				TARGETED_DEVICE_FAMILY = "1,2";
			};
			name = Release;
		};
/* End XCBuildConfiguration section */

/* Begin XCConfigurationList section */
		D0C648772152DD5E00079DCC /* Build configuration list for PBXProject "ToDoList_NewFeatures" */ = {
			isa = XCConfigurationList;
			buildConfigurations = (
				D0C6488F2152DD5F00079DCC /* Debug */,
				D0C648902152DD5F00079DCC /* Release */,
			);
			defaultConfigurationIsVisible = 0;
			defaultConfigurationName = Release;
		};
		D0C648912152DD5F00079DCC /* Build configuration list for PBXNativeTarget "ToDoList_NewFeatures" */ = {
			isa = XCConfigurationList;
			buildConfigurations = (
				D0C648922152DD5F00079DCC /* Debug */,
				D0C648932152DD5F00079DCC /* Release */,
			);
			defaultConfigurationIsVisible = 0;
			defaultConfigurationName = Release;
		};
/* End XCConfigurationList section */

/* Begin XCVersionGroup section */
		D0C648862152DD5E00079DCC /* ToDoList_NewFeatures.xcdatamodeld */ = {
			isa = XCVersionGroup;
			children = (
				D0C648872152DD5E00079DCC /* ToDoList_NewFeatures.xcdatamodel */,
			);
			currentVersion = D0C648872152DD5E00079DCC /* ToDoList_NewFeatures.xcdatamodel */;
			path = ToDoList_NewFeatures.xcdatamodeld;
			sourceTree = "<group>";
			versionGroupType = wrapper.xcdatamodel;
		};
/* End XCVersionGroup section */
	};
	rootObject = D0C648742152DD5E00079DCC /* Project object */;
}
